// !$*UTF8*$!
{
	archiveVersion = 1;
	classes = {
	};
	objectVersion = 77;
	objects = {

/* Begin PBXContainerItemProxy section */
		23C76AAF2F2B2046007CBFA3 /* PBXContainerItemProxy */ = {
			isa = PBXContainerItemProxy;
			containerPortal = 23C76A962F2B2045007CBFA3 /* Project object */;
			proxyType = 1;
			remoteGlobalIDString = 23C76A9D2F2B2045007CBFA3;
			remoteInfo = Count_LA;
		};
		23C76AB92F2B2046007CBFA3 /* PBXContainerItemProxy */ = {
			isa = PBXContainerItemProxy;
			containerPortal = 23C76A962F2B2045007CBFA3 /* Project object */;
			proxyType = 1;
			remoteGlobalIDString = 23C76A9D2F2B2045007CBFA3;
			remoteInfo = Count_LA;
		};
/* End PBXContainerItemProxy section */

/* Begin PBXFileReference section */
		23C76A9E2F2B2045007CBFA3 /* Count_LA.app */ = {isa = PBXFileReference; explicitFileType = wrapper.application; includeInIndex = 0; path = Count_LA.app; sourceTree = BUILT_PRODUCTS_DIR; };
		23C76AAE2F2B2046007CBFA3 /* Count_LATests.xctest */ = {isa = PBXFileReference; explicitFileType = wrapper.cfbundle; includeInIndex = 0; path = Count_LATests.xctest; sourceTree = BUILT_PRODUCTS_DIR; };
		23C76AB82F2B2046007CBFA3 /* Count_LAUITests.xctest */ = {isa = PBXFileReference; explicitFileType = wrapper.cfbundle; includeInIndex = 0; path = Count_LAUITests.xctest; sourceTree = BUILT_PRODUCTS_DIR; };
/* End PBXFileReference section */

/* Begin PBXFileSystemSynchronizedRootGroup section */
		23C76AA02F2B2045007CBFA3 /* Count_LA */ = {
			isa = PBXFileSystemSynchronizedRootGroup;
			path = Count_LA;
			sourceTree = "<group>";
		};
		23C76AB12F2B2046007CBFA3 /* Count_LATests */ = {
			isa = PBXFileSystemSynchronizedRootGroup;
			path = Count_LATests;
			sourceTree = "<group>";
		};
		23C76ABB2F2B2046007CBFA3 /* Count_LAUITests */ = {
			isa = PBXFileSystemSynchronizedRootGroup;
			path = Count_LAUITests;
			sourceTree = "<group>";
		};
/* End PBXFileSystemSynchronizedRootGroup section */

/* Begin PBXFrameworksBuildPhase section */
		23C76A9B2F2B2045007CBFA3 /* Frameworks */ = {
			isa = PBXFrameworksBuildPhase;
			buildActionMask = 2147483647;
			files = (
			);
			runOnlyForDeploymentPostprocessing = 0;
		};
		23C76AAB2F2B2046007CBFA3 /* Frameworks */ = {
			isa = PBXFrameworksBuildPhase;
			buildActionMask = 2147483647;
			files = (
			);
			runOnlyForDeploymentPostprocessing = 0;
		};
		23C76AB52F2B2046007CBFA3 /* Frameworks */ = {
			isa = PBXFrameworksBuildPhase;
			buildActionMask = 2147483647;
			files = (
			);
			runOnlyForDeploymentPostprocessing = 0;
		};
/* End PBXFrameworksBuildPhase section */

/* Begin PBXGroup section */
		23C76A952F2B2045007CBFA3 = {
			isa = PBXGroup;
			children = (
				23C76AA02F2B2045007CBFA3 /* Count_LA */,
				23C76AB12F2B2046007CBFA3 /* Count_LATests */,
				23C76ABB2F2B2046007CBFA3 /* Count_LAUITests */,
				23C76A9F2F2B2045007CBFA3 /* Products */,
			);
			sourceTree = "<group>";
		};
		23C76A9F2F2B2045007CBFA3 /* Products */ = {
			isa = PBXGroup;
			children = (
				23C76A9E2F2B2045007CBFA3 /* Count_LA.app */,
				23C76AAE2F2B2046007CBFA3 /* Count_LATests.xctest */,
				23C76AB82F2B2046007CBFA3 /* Count_LAUITests.xctest */,
			);
			name = Products;
			sourceTree = "<group>";
		};
/* End PBXGroup section */

/* Begin PBXNativeTarget section */
		23C76A9D2F2B2045007CBFA3 /* Count_LA */ = {
			isa = PBXNativeTarget;
			buildConfigurationList = 23C76AC22F2B2046007CBFA3 /* Build configuration list for PBXNativeTarget "Count_LA" */;
			buildPhases = (
				23C76A9A2F2B2045007CBFA3 /* Sources */,
				23C76A9B2F2B2045007CBFA3 /* Frameworks */,
				23C76A9C2F2B2045007CBFA3 /* Resources */,
			);
			buildRules = (
			);
			dependencies = (
			);
			fileSystemSynchronizedGroups = (
				23C76AA02F2B2045007CBFA3 /* Count_LA */,
			);
			name = Count_LA;
			packageProductDependencies = (
			);
			productName = Count_LA;
			productReference = 23C76A9E2F2B2045007CBFA3 /* Count_LA.app */;
			productType = "com.apple.product-type.application";
		};
		23C76AAD2F2B2046007CBFA3 /* Count_LATests */ = {
			isa = PBXNativeTarget;
			buildConfigurationList = 23C76AC52F2B2046007CBFA3 /* Build configuration list for PBXNativeTarget "Count_LATests" */;
			buildPhases = (
				23C76AAA2F2B2046007CBFA3 /* Sources */,
				23C76AAB2F2B2046007CBFA3 /* Frameworks */,
				23C76AAC2F2B2046007CBFA3 /* Resources */,
			);
			buildRules = (
			);
			dependencies = (
				23C76AB02F2B2046007CBFA3 /* PBXTargetDependency */,
			);
			fileSystemSynchronizedGroups = (
				23C76AB12F2B2046007CBFA3 /* Count_LATests */,
			);
			name = Count_LATests;
			packageProductDependencies = (
			);
			productName = Count_LATests;
			productReference = 23C76AAE2F2B2046007CBFA3 /* Count_LATests.xctest */;
			productType = "com.apple.product-type.bundle.unit-test";
		};
		23C76AB72F2B2046007CBFA3 /* Count_LAUITests */ = {
			isa = PBXNativeTarget;
			buildConfigurationList = 23C76AC82F2B2046007CBFA3 /* Build configuration list for PBXNativeTarget "Count_LAUITests" */;
			buildPhases = (
				23C76AB42F2B2046007CBFA3 /* Sources */,
				23C76AB52F2B2046007CBFA3 /* Frameworks */,
				23C76AB62F2B2046007CBFA3 /* Resources */,
			);
			buildRules = (
			);
			dependencies = (
				23C76ABA2F2B2046007CBFA3 /* PBXTargetDependency */,
			);
			fileSystemSynchronizedGroups = (
				23C76ABB2F2B2046007CBFA3 /* Count_LAUITests */,
			);
			name = Count_LAUITests;
			packageProductDependencies = (
			);
			productName = Count_LAUITests;
			productReference = 23C76AB82F2B2046007CBFA3 /* Count_LAUITests.xctest */;
			productType = "com.apple.product-type.bundle.ui-testing";
		};
/* End PBXNativeTarget section */

/* Begin PBXProject section */
		23C76A962F2B2045007CBFA3 /* Project object */ = {
			isa = PBXProject;
			attributes = {
				BuildIndependentTargetsInParallel = 1;
				LastSwiftUpdateCheck = 1600;
				LastUpgradeCheck = 1600;
				TargetAttributes = {
					23C76A9D2F2B2045007CBFA3 = {
						CreatedOnToolsVersion = 16.0;
					};
					23C76AAD2F2B2046007CBFA3 = {
						CreatedOnToolsVersion = 16.0;
						TestTargetID = 23C76A9D2F2B2045007CBFA3;
					};
					23C76AB72F2B2046007CBFA3 = {
						CreatedOnToolsVersion = 16.0;
						TestTargetID = 23C76A9D2F2B2045007CBFA3;
					};
				};
			};
			buildConfigurationList = 23C76A992F2B2045007CBFA3 /* Build configuration list for PBXProject "Count_LA" */;
			developmentRegion = en;
			hasScannedForEncodings = 0;
			knownRegions = (
				en,
				Base,
			);
			mainGroup = 23C76A952F2B2045007CBFA3;
			minimizedProjectReferenceProxies = 1;
			preferredProjectObjectVersion = 77;
			productRefGroup = 23C76A9F2F2B2045007CBFA3 /* Products */;
			projectDirPath = "";
			projectRoot = "";
			targets = (
				23C76A9D2F2B2045007CBFA3 /* Count_LA */,
				23C76AAD2F2B2046007CBFA3 /* Count_LATests */,
				23C76AB72F2B2046007CBFA3 /* Count_LAUITests */,
			);
		};
/* End PBXProject section */

/* Begin PBXResourcesBuildPhase section */
		23C76A9C2F2B2045007CBFA3 /* Resources */ = {
			isa = PBXResourcesBuildPhase;
			buildActionMask = 2147483647;
			files = (
			);
			runOnlyForDeploymentPostprocessing = 0;
		};
		23C76AAC2F2B2046007CBFA3 /* Resources */ = {
			isa = PBXResourcesBuildPhase;
			buildActionMask = 2147483647;
			files = (
			);
			runOnlyForDeploymentPostprocessing = 0;
		};
		23C76AB62F2B2046007CBFA3 /* Resources */ = {
			isa = PBXResourcesBuildPhase;
			buildActionMask = 2147483647;
			files = (
			);
			runOnlyForDeploymentPostprocessing = 0;
		};
/* End PBXResourcesBuildPhase section */

/* Begin PBXSourcesBuildPhase section */
		23C76A9A2F2B2045007CBFA3 /* Sources */ = {
			isa = PBXSourcesBuildPhase;
			buildActionMask = 2147483647;
			files = (
			);
			runOnlyForDeploymentPostprocessing = 0;
		};
		23C76AAA2F2B2046007CBFA3 /* Sources */ = {
			isa = PBXSourcesBuildPhase;
			buildActionMask = 2147483647;
			files = (
			);
			runOnlyForDeploymentPostprocessing = 0;
		};
		23C76AB42F2B2046007CBFA3 /* Sources */ = {
			isa = PBXSourcesBuildPhase;
			buildActionMask = 2147483647;
			files = (
			);
			runOnlyForDeploymentPostprocessing = 0;
		};
/* End PBXSourcesBuildPhase section */

/* Begin PBXTargetDependency section */
		23C76AB02F2B2046007CBFA3 /* PBXTargetDependency */ = {
			isa = PBXTargetDependency;
			target = 23C76A9D2F2B2045007CBFA3 /* Count_LA */;
			targetProxy = 23C76AAF2F2B2046007CBFA3 /* PBXContainerItemProxy */;
		};
		23C76ABA2F2B2046007CBFA3 /* PBXTargetDependency */ = {
			isa = PBXTargetDependency;
			target = 23C76A9D2F2B2045007CBFA3 /* Count_LA */;
			targetProxy = 23C76AB92F2B2046007CBFA3 /* PBXContainerItemProxy */;
		};
/* End PBXTargetDependency section */

/* Begin XCBuildConfiguration section */
		23C76AC02F2B2046007CBFA3 /* Debug */ = {
			isa = XCBuildConfiguration;
			buildSettings = {
				ALWAYS_SEARCH_USER_PATHS = NO;
				ASSETCATALOG_COMPILER_GENERATE_SWIFT_ASSET_SYMBOL_EXTENSIONS = YES;
				CLANG_ANALYZER_NONNULL = YES;
				CLANG_ANALYZER_NUMBER_OBJECT_CONVERSION = YES_AGGRESSIVE;
				CLANG_CXX_LANGUAGE_STANDARD = "gnu++20";
				CLANG_ENABLE_MODULES = YES;
				CLANG_ENABLE_OBJC_ARC = YES;
				CLANG_ENABLE_OBJC_WEAK = YES;
				CLANG_WARN_BLOCK_CAPTURE_AUTORELEASING = YES;
				CLANG_WARN_BOOL_CONVERSION = YES;
				CLANG_WARN_COMMA = YES;
				CLANG_WARN_CONSTANT_CONVERSION = YES;
				CLANG_WARN_DEPRECATED_OBJC_IMPLEMENTATIONS = YES;
				CLANG_WARN_DIRECT_OBJC_ISA_USAGE = YES_ERROR;
				CLANG_WARN_DOCUMENTATION_COMMENTS = YES;
				CLANG_WARN_EMPTY_BODY = YES;
				CLANG_WARN_ENUM_CONVERSION = YES;
				CLANG_WARN_INFINITE_RECURSION = YES;
				CLANG_WARN_INT_CONVERSION = YES;
				CLANG_WARN_NON_LITERAL_NULL_CONVERSION = YES;
				CLANG_WARN_OBJC_IMPLICIT_RETAIN_SELF = YES;
				CLANG_WARN_OBJC_LITERAL_CONVERSION = YES;
				CLANG_WARN_OBJC_ROOT_CLASS = YES_ERROR;
				CLANG_WARN_QUOTED_INCLUDE_IN_FRAMEWORK_HEADER = YES;
				CLANG_WARN_RANGE_LOOP_ANALYSIS = YES;
				CLANG_WARN_STRICT_PROTOTYPES = YES;
				CLANG_WARN_SUSPICIOUS_MOVE = YES;
				CLANG_WARN_UNGUARDED_AVAILABILITY = YES_AGGRESSIVE;
				CLANG_WARN_UNREACHABLE_CODE = YES;
				CLANG_WARN__DUPLICATE_METHOD_MATCH = YES;
				COPY_PHASE_STRIP = NO;
				DEBUG_INFORMATION_FORMAT = dwarf;
				ENABLE_STRICT_OBJC_MSGSEND = YES;
				ENABLE_TESTABILITY = YES;
				ENABLE_USER_SCRIPT_SANDBOXING = YES;
				GCC_C_LANGUAGE_STANDARD = gnu17;
				GCC_DYNAMIC_NO_PIC = NO;
				GCC_NO_COMMON_BLOCKS = YES;
				GCC_OPTIMIZATION_LEVEL = 0;
				GCC_PREPROCESSOR_DEFINITIONS = (
					"DEBUG=1",
					"$(inherited)",
				);
				GCC_WARN_64_TO_32_BIT_CONVERSION = YES;
				GCC_WARN_ABOUT_RETURN_TYPE = YES_ERROR;
				GCC_WARN_UNDECLARED_SELECTOR = YES;
				GCC_WARN_UNINITIALIZED_AUTOS = YES_AGGRESSIVE;
				GCC_WARN_UNUSED_FUNCTION = YES;
				GCC_WARN_UNUSED_VARIABLE = YES;
				IPHONEOS_DEPLOYMENT_TARGET = 18.0;
				LOCALIZATION_PREFERS_STRING_CATALOGS = YES;
				MTL_ENABLE_DEBUG_INFO = INCLUDE_SOURCE;
				MTL_FAST_MATH = YES;
				ONLY_ACTIVE_ARCH = YES;
				SDKROOT = iphoneos;
				SWIFT_ACTIVE_COMPILATION_CONDITIONS = "DEBUG $(inherited)";
				SWIFT_OPTIMIZATION_LEVEL = "-Onone";
			};
			name = Debug;
		};
		23C76AC12F2B2046007CBFA3 /* Release */ = {
			isa = XCBuildConfiguration;
			buildSettings = {
				ALWAYS_SEARCH_USER_PATHS = NO;
				ASSETCATALOG_COMPILER_GENERATE_SWIFT_ASSET_SYMBOL_EXTENSIONS = YES;
				CLANG_ANALYZER_NONNULL = YES;
				CLANG_ANALYZER_NUMBER_OBJECT_CONVERSION = YES_AGGRESSIVE;
				CLANG_CXX_LANGUAGE_STANDARD = "gnu++20";
				CLANG_ENABLE_MODULES = YES;
				CLANG_ENABLE_OBJC_ARC = YES;
				CLANG_ENABLE_OBJC_WEAK = YES;
				CLANG_WARN_BLOCK_CAPTURE_AUTORELEASING = YES;
				CLANG_WARN_BOOL_CONVERSION = YES;
				CLANG_WARN_COMMA = YES;
				CLANG_WARN_CONSTANT_CONVERSION = YES;
				CLANG_WARN_DEPRECATED_OBJC_IMPLEMENTATIONS = YES;
				CLANG_WARN_DIRECT_OBJC_ISA_USAGE = YES_ERROR;
				CLANG_WARN_DOCUMENTATION_COMMENTS = YES;
				CLANG_WARN_EMPTY_BODY = YES;
				CLANG_WARN_ENUM_CONVERSION = YES;
				CLANG_WARN_INFINITE_RECURSION = YES;
				CLANG_WARN_INT_CONVERSION = YES;
				CLANG_WARN_NON_LITERAL_NULL_CONVERSION = YES;
				CLANG_WARN_OBJC_IMPLICIT_RETAIN_SELF = YES;
				CLANG_WARN_OBJC_LITERAL_CONVERSION = YES;
				CLANG_WARN_OBJC_ROOT_CLASS = YES_ERROR;
				CLANG_WARN_QUOTED_INCLUDE_IN_FRAMEWORK_HEADER = YES;
				CLANG_WARN_RANGE_LOOP_ANALYSIS = YES;
				CLANG_WARN_STRICT_PROTOTYPES = YES;
				CLANG_WARN_SUSPICIOUS_MOVE = YES;
				CLANG_WARN_UNGUARDED_AVAILABILITY = YES_AGGRESSIVE;
				CLANG_WARN_UNREACHABLE_CODE = YES;
				CLANG_WARN__DUPLICATE_METHOD_MATCH = YES;
				COPY_PHASE_STRIP = NO;
				DEBUG_INFORMATION_FORMAT = "dwarf-with-dsym";
				ENABLE_NS_ASSERTIONS = NO;
				ENABLE_STRICT_OBJC_MSGSEND = YES;
				ENABLE_USER_SCRIPT_SANDBOXING = YES;
				GCC_C_LANGUAGE_STANDARD = gnu17;
				GCC_NO_COMMON_BLOCKS = YES;
				GCC_WARN_64_TO_32_BIT_CONVERSION = YES;
				GCC_WARN_ABOUT_RETURN_TYPE = YES_ERROR;
				GCC_WARN_UNDECLARED_SELECTOR = YES;
				GCC_WARN_UNINITIALIZED_AUTOS = YES_AGGRESSIVE;
				GCC_WARN_UNUSED_FUNCTION = YES;
				GCC_WARN_UNUSED_VARIABLE = YES;
				IPHONEOS_DEPLOYMENT_TARGET = 18.0;
				LOCALIZATION_PREFERS_STRING_CATALOGS = YES;
				MTL_ENABLE_DEBUG_INFO = NO;
				MTL_FAST_MATH = YES;
				SDKROOT = iphoneos;
				SWIFT_COMPILATION_MODE = wholemodule;
				VALIDATE_PRODUCT = YES;
			};
			name = Release;
		};
		23C76AC32F2B2046007CBFA3 /* Debug */ = {
			isa = XCBuildConfiguration;
			buildSettings = {
				ASSETCATALOG_COMPILER_APPICON_NAME = AppIcon;
				ASSETCATALOG_COMPILER_GLOBAL_ACCENT_COLOR_NAME = AccentColor;
				CODE_SIGN_STYLE = Automatic;
				CURRENT_PROJECT_VERSION = 1;
				DEVELOPMENT_ASSET_PATHS = "\"Count_LA/Preview Content\"";
				ENABLE_PREVIEWS = YES;
				GENERATE_INFOPLIST_FILE = YES;
				INFOPLIST_KEY_UIApplicationSceneManifest_Generation = YES;
				INFOPLIST_KEY_UIApplicationSupportsIndirectInputEvents = YES;
				INFOPLIST_KEY_UILaunchScreen_Generation = YES;
				INFOPLIST_KEY_UISupportedInterfaceOrientations_iPad = "UIInterfaceOrientationPortrait UIInterfaceOrientationPortraitUpsideDown UIInterfaceOrientationLandscapeLeft UIInterfaceOrientationLandscapeRight";
				INFOPLIST_KEY_UISupportedInterfaceOrientations_iPhone = "UIInterfaceOrientationPortrait UIInterfaceOrientationLandscapeLeft UIInterfaceOrientationLandscapeRight";
				LD_RUNPATH_SEARCH_PATHS = (
					"$(inherited)",
					"@executable_path/Frameworks",
				);
				MARKETING_VERSION = 1.0;
				PRODUCT_BUNDLE_IDENTIFIER = "app.Singh.Baku.Count-LA";
				PRODUCT_NAME = "$(TARGET_NAME)";
				SWIFT_EMIT_LOC_STRINGS = YES;
				SWIFT_VERSION = 5.0;
				TARGETED_DEVICE_FAMILY = "1,2";
			};
			name = Debug;
		};
		23C76AC42F2B2046007CBFA3 /* Release */ = {
			isa = XCBuildConfiguration;
			buildSettings = {
				ASSETCATALOG_COMPILER_APPICON_NAME = AppIcon;
				ASSETCATALOG_COMPILER_GLOBAL_ACCENT_COLOR_NAME = AccentColor;
				CODE_SIGN_STYLE = Automatic;
				CURRENT_PROJECT_VERSION = 1;
				DEVELOPMENT_ASSET_PATHS = "\"Count_LA/Preview Content\"";
				ENABLE_PREVIEWS = YES;
				GENERATE_INFOPLIST_FILE = YES;
				INFOPLIST_KEY_UIApplicationSceneManifest_Generation = YES;
				INFOPLIST_KEY_UIApplicationSupportsIndirectInputEvents = YES;
				INFOPLIST_KEY_UILaunchScreen_Generation = YES;
				INFOPLIST_KEY_UISupportedInterfaceOrientations_iPad = "UIInterfaceOrientationPortrait UIInterfaceOrientationPortraitUpsideDown UIInterfaceOrientationLandscapeLeft UIInterfaceOrientationLandscapeRight";
				INFOPLIST_KEY_UISupportedInterfaceOrientations_iPhone = "UIInterfaceOrientationPortrait UIInterfaceOrientationLandscapeLeft UIInterfaceOrientationLandscapeRight";
				LD_RUNPATH_SEARCH_PATHS = (
					"$(inherited)",
					"@executable_path/Frameworks",
				);
				MARKETING_VERSION = 1.0;
				PRODUCT_BUNDLE_IDENTIFIER = "app.Singh.Baku.Count-LA";
				PRODUCT_NAME = "$(TARGET_NAME)";
				SWIFT_EMIT_LOC_STRINGS = YES;
				SWIFT_VERSION = 5.0;
				TARGETED_DEVICE_FAMILY = "1,2";
			};
			name = Release;
		};
		23C76AC62F2B2046007CBFA3 /* Debug */ = {
			isa = XCBuildConfiguration;
			buildSettings = {
				BUNDLE_LOADER = "$(TEST_HOST)";
				CODE_SIGN_STYLE = Automatic;
				CURRENT_PROJECT_VERSION = 1;
				GENERATE_INFOPLIST_FILE = YES;
				IPHONEOS_DEPLOYMENT_TARGET = 18.0;
				MARKETING_VERSION = 1.0;
				PRODUCT_BUNDLE_IDENTIFIER = "app.Singh.Baku.Count-LATests";
				PRODUCT_NAME = "$(TARGET_NAME)";
				SWIFT_EMIT_LOC_STRINGS = NO;
				SWIFT_VERSION = 5.0;
				TARGETED_DEVICE_FAMILY = "1,2";
				TEST_HOST = "$(BUILT_PRODUCTS_DIR)/Count_LA.app/$(BUNDLE_EXECUTABLE_FOLDER_PATH)/Count_LA";
			};
			name = Debug;
		};
		23C76AC72F2B2046007CBFA3 /* Release */ = {
			isa = XCBuildConfiguration;
			buildSettings = {
				BUNDLE_LOADER = "$(TEST_HOST)";
				CODE_SIGN_STYLE = Automatic;
				CURRENT_PROJECT_VERSION = 1;
				GENERATE_INFOPLIST_FILE = YES;
				IPHONEOS_DEPLOYMENT_TARGET = 18.0;
				MARKETING_VERSION = 1.0;
				PRODUCT_BUNDLE_IDENTIFIER = "app.Singh.Baku.Count-LATests";
				PRODUCT_NAME = "$(TARGET_NAME)";
				SWIFT_EMIT_LOC_STRINGS = NO;
				SWIFT_VERSION = 5.0;
				TARGETED_DEVICE_FAMILY = "1,2";
				TEST_HOST = "$(BUILT_PRODUCTS_DIR)/Count_LA.app/$(BUNDLE_EXECUTABLE_FOLDER_PATH)/Count_LA";
			};
			name = Release;
		};
		23C76AC92F2B2046007CBFA3 /* Debug */ = {
			isa = XCBuildConfiguration;
			buildSettings = {
				CODE_SIGN_STYLE = Automatic;
				CURRENT_PROJECT_VERSION = 1;
				GENERATE_INFOPLIST_FILE = YES;
				MARKETING_VERSION = 1.0;
				PRODUCT_BUNDLE_IDENTIFIER = "app.Singh.Baku.Count-LAUITests";
				PRODUCT_NAME = "$(TARGET_NAME)";
				SWIFT_EMIT_LOC_STRINGS = NO;
				SWIFT_VERSION = 5.0;
				TARGETED_DEVICE_FAMILY = "1,2";
				TEST_TARGET_NAME = Count_LA;
			};
			name = Debug;
		};
		23C76ACA2F2B2046007CBFA3 /* Release */ = {
			isa = XCBuildConfiguration;
			buildSettings = {
				CODE_SIGN_STYLE = Automatic;
				CURRENT_PROJECT_VERSION = 1;
				GENERATE_INFOPLIST_FILE = YES;
				MARKETING_VERSION = 1.0;
				PRODUCT_BUNDLE_IDENTIFIER = "app.Singh.Baku.Count-LAUITests";
				PRODUCT_NAME = "$(TARGET_NAME)";
				SWIFT_EMIT_LOC_STRINGS = NO;
				SWIFT_VERSION = 5.0;
				TARGETED_DEVICE_FAMILY = "1,2";
				TEST_TARGET_NAME = Count_LA;
			};
			name = Release;
		};
/* End XCBuildConfiguration section */

/* Begin XCConfigurationList section */
		23C76A992F2B2045007CBFA3 /* Build configuration list for PBXProject "Count_LA" */ = {
			isa = XCConfigurationList;
			buildConfigurations = (
				23C76AC02F2B2046007CBFA3 /* Debug */,
				23C76AC12F2B2046007CBFA3 /* Release */,
			);
			defaultConfigurationIsVisible = 0;
			defaultConfigurationName = Release;
		};
		23C76AC22F2B2046007CBFA3 /* Build configuration list for PBXNativeTarget "Count_LA" */ = {
			isa = XCConfigurationList;
			buildConfigurations = (
				23C76AC32F2B2046007CBFA3 /* Debug */,
				23C76AC42F2B2046007CBFA3 /* Release */,
			);
			defaultConfigurationIsVisible = 0;
			defaultConfigurationName = Release;
		};
		23C76AC52F2B2046007CBFA3 /* Build configuration list for PBXNativeTarget "Count_LATests" */ = {
			isa = XCConfigurationList;
			buildConfigurations = (
				23C76AC62F2B2046007CBFA3 /* Debug */,
				23C76AC72F2B2046007CBFA3 /* Release */,
			);
			defaultConfigurationIsVisible = 0;
			defaultConfigurationName = Release;
		};
		23C76AC82F2B2046007CBFA3 /* Build configuration list for PBXNativeTarget "Count_LAUITests" */ = {
			isa = XCConfigurationList;
			buildConfigurations = (
				23C76AC92F2B2046007CBFA3 /* Debug */,
				23C76ACA2F2B2046007CBFA3 /* Release */,
			);
			defaultConfigurationIsVisible = 0;
			defaultConfigurationName = Release;
		};
/* End XCConfigurationList section */
	};
	rootObject = 23C76A962F2B2045007CBFA3 /* Project object */;
}
